
Microsoft Visual Studio Solution File, Format Version 12.00
# Visual Studio Version 17
VisualStudioVersion = 17.11.35303.130
MinimumVisualStudioVersion = 10.0.40219.1
Project("{FAE04EC0-301F-11D3-BF4B-00C04F79EFBC}") = "Supermarket-mvp", "Supermarket-mvp.csproj", "{F1F996E0-25D2-4746-8468-446369B76418}"
EndProject
Global
	GlobalSection(SolutionConfigurationPlatforms) = preSolution
		Debug|Any CPU = Debug|Any CPU
		Release|Any CPU = Release|Any CPU
	EndGlobalSection
	GlobalSection(ProjectConfigurationPlatforms) = postSolution
		{F1F996E0-25D2-4746-8468-446369B76418}.Debug|Any CPU.ActiveCfg = Debug|Any CPU
		{F1F996E0-25D2-4746-8468-446369B76418}.Debug|Any CPU.Build.0 = Debug|Any CPU
		{F1F996E0-25D2-4746-8468-446369B76418}.Release|Any CPU.ActiveCfg = Release|Any CPU
		{F1F996E0-25D2-4746-8468-446369B76418}.Release|Any CPU.Build.0 = Release|Any CPU
	EndGlobalSection
	GlobalSection(SolutionProperties) = preSolution
		HideSolutionNode = FALSE
	EndGlobalSection
	GlobalSection(ExtensibilityGlobals) = postSolution
		SolutionGuid = {E7DBC09E-EB35-4E29-A7E3-7235B951D272}
	EndGlobalSection
EndGlobal
